
Microsoft Visual Studio Solution File, Format Version 12.00
# Visual Studio Version 17
VisualStudioVersion = 17.5.002.0
MinimumVisualStudioVersion = 10.0.40219.1
Project("{9A19103F-16F7-4668-BE54-9A1E7A4F7556}") = "Cashier", "src\Cashier\Cashier.csproj", "{B77EA1B8-CB52-4023-BEAF-83C9882667BC}"
EndProject
Project("{9A19103F-16F7-4668-BE54-9A1E7A4F7556}") = "Cashier.Tests", "src\Cashier.Tests\Cashier.Tests.csproj", "{AE4988B1-73D5-48F7-9CF1-CD5E0C7C018A}"
EndProject
Project("{9A19103F-16F7-4668-BE54-9A1E7A4F7556}") = "Cashier.Tests.E2E", "src\Cashier.Tests.E2E\Cashier.Tests.E2E.csproj", "{905DD9D2-CB15-4F8C-A326-5A1BA78B3087}"
EndProject
Project("{2150E333-8FDC-42A3-9474-1A3956D46DE8}") = "Solution Items", "Solution Items", "{8F780FB6-6F3A-4A5E-9618-47F77BFE27A7}"
	ProjectSection(SolutionItems) = preProject
		.gitignore = .gitignore
		README.md = README.md
	EndProjectSection
EndProject
Project("{FAE04EC0-301F-11D3-BF4B-00C04F79EFBC}") = "Cashier.ComponentTests", "src\ComponentTests\Cashier.ComponentTests.csproj", "{22384CC1-A966-4EE6-BC48-9FED8D45C8F7}"
EndProject
Global
	GlobalSection(SolutionConfigurationPlatforms) = preSolution
		Debug|Any CPU = Debug|Any CPU
		Release|Any CPU = Release|Any CPU
	EndGlobalSection
	GlobalSection(ProjectConfigurationPlatforms) = postSolution
		{B77EA1B8-CB52-4023-BEAF-83C9882667BC}.Debug|Any CPU.ActiveCfg = Debug|Any CPU
		{B77EA1B8-CB52-4023-BEAF-83C9882667BC}.Debug|Any CPU.Build.0 = Debug|Any CPU
		{B77EA1B8-CB52-4023-BEAF-83C9882667BC}.Release|Any CPU.ActiveCfg = Release|Any CPU
		{B77EA1B8-CB52-4023-BEAF-83C9882667BC}.Release|Any CPU.Build.0 = Release|Any CPU
		{AE4988B1-73D5-48F7-9CF1-CD5E0C7C018A}.Debug|Any CPU.ActiveCfg = Debug|Any CPU
		{AE4988B1-73D5-48F7-9CF1-CD5E0C7C018A}.Debug|Any CPU.Build.0 = Debug|Any CPU
		{AE4988B1-73D5-48F7-9CF1-CD5E0C7C018A}.Release|Any CPU.ActiveCfg = Release|Any CPU
		{AE4988B1-73D5-48F7-9CF1-CD5E0C7C018A}.Release|Any CPU.Build.0 = Release|Any CPU
		{905DD9D2-CB15-4F8C-A326-5A1BA78B3087}.Debug|Any CPU.ActiveCfg = Debug|Any CPU
		{905DD9D2-CB15-4F8C-A326-5A1BA78B3087}.Debug|Any CPU.Build.0 = Debug|Any CPU
		{905DD9D2-CB15-4F8C-A326-5A1BA78B3087}.Release|Any CPU.ActiveCfg = Release|Any CPU
		{905DD9D2-CB15-4F8C-A326-5A1BA78B3087}.Release|Any CPU.Build.0 = Release|Any CPU
		{22384CC1-A966-4EE6-BC48-9FED8D45C8F7}.Debug|Any CPU.ActiveCfg = Debug|Any CPU
		{22384CC1-A966-4EE6-BC48-9FED8D45C8F7}.Debug|Any CPU.Build.0 = Debug|Any CPU
		{22384CC1-A966-4EE6-BC48-9FED8D45C8F7}.Release|Any CPU.ActiveCfg = Release|Any CPU
		{22384CC1-A966-4EE6-BC48-9FED8D45C8F7}.Release|Any CPU.Build.0 = Release|Any CPU
	EndGlobalSection
	GlobalSection(SolutionProperties) = preSolution
		HideSolutionNode = FALSE
	EndGlobalSection
	GlobalSection(ExtensibilityGlobals) = postSolution
		SolutionGuid = {83D791AE-0F7C-4B27-91F2-367FED78497F}
	EndGlobalSection
EndGlobal
